
Microsoft Visual Studio Solution File, Format Version 12.00
# Visual Studio Version 17
VisualStudioVersion = 17.0.32014.148
MinimumVisualStudioVersion = 10.0.40219.1
Project("{FAE04EC0-301F-11D3-BF4B-00C04F79EFBC}") = "RmosCloudService", "RmosCloudService\RmosCloudService.csproj", "{914C4C17-9165-4FC0-A8BB-7324725BAAAF}"
EndProject
Global
	GlobalSection(SolutionConfigurationPlatforms) = preSolution
		Debug|Any CPU = Debug|Any CPU
		Release|Any CPU = Release|Any CPU
	EndGlobalSection
	GlobalSection(ProjectConfigurationPlatforms) = postSolution
		{914C4C17-9165-4FC0-A8BB-7324725BAAAF}.Debug|Any CPU.ActiveCfg = Debug|Any CPU
		{914C4C17-9165-4FC0-A8BB-7324725BAAAF}.Debug|Any CPU.Build.0 = Debug|Any CPU
		{914C4C17-9165-4FC0-A8BB-7324725BAAAF}.Release|Any CPU.ActiveCfg = Release|Any CPU
		{914C4C17-9165-4FC0-A8BB-7324725BAAAF}.Release|Any CPU.Build.0 = Release|Any CPU
	EndGlobalSection
	GlobalSection(SolutionProperties) = preSolution
		HideSolutionNode = FALSE
	EndGlobalSection
	GlobalSection(ExtensibilityGlobals) = postSolution
		SolutionGuid = {93690118-3F3A-4961-90F7-64E7F32488F2}
	EndGlobalSection
EndGlobal
